
Microsoft Visual Studio Solution File, Format Version 12.00
# Visual Studio Version 17
VisualStudioVersion = 17.8.34408.163
MinimumVisualStudioVersion = 10.0.40219.1
Project("{FAE04EC0-301F-11D3-BF4B-00C04F79EFBC}") = "ControllerExample", "ControllerExample\ControllerExample.csproj", "{00D55E0E-7163-465F-BC63-0D98C05993D3}"
EndProject
Global
	GlobalSection(SolutionConfigurationPlatforms) = preSolution
		Debug|Any CPU = Debug|Any CPU
		Release|Any CPU = Release|Any CPU
	EndGlobalSection
	GlobalSection(ProjectConfigurationPlatforms) = postSolution
		{00D55E0E-7163-465F-BC63-0D98C05993D3}.Debug|Any CPU.ActiveCfg = Debug|Any CPU
		{00D55E0E-7163-465F-BC63-0D98C05993D3}.Debug|Any CPU.Build.0 = Debug|Any CPU
		{00D55E0E-7163-465F-BC63-0D98C05993D3}.Release|Any CPU.ActiveCfg = Release|Any CPU
		{00D55E0E-7163-465F-BC63-0D98C05993D3}.Release|Any CPU.Build.0 = Release|Any CPU
	EndGlobalSection
	GlobalSection(SolutionProperties) = preSolution
		HideSolutionNode = FALSE
	EndGlobalSection
	GlobalSection(ExtensibilityGlobals) = postSolution
		SolutionGuid = {416739B3-82C2-4A90-8268-C8A60BAA75B5}
	EndGlobalSection
EndGlobal
