
Microsoft Visual Studio Solution File, Format Version 12.00
# Visual Studio Version 17
VisualStudioVersion = 17.8.34408.163
MinimumVisualStudioVersion = 10.0.40219.1
Project("{FAE04EC0-301F-11D3-BF4B-00C04F79EFBC}") = "Database1", "Database1\Database1.csproj", "{1DB011D1-D53B-41FC-8F61-72BA43248019}"
EndProject
Global
	GlobalSection(SolutionConfigurationPlatforms) = preSolution
		Debug|Any CPU = Debug|Any CPU
		Release|Any CPU = Release|Any CPU
	EndGlobalSection
	GlobalSection(ProjectConfigurationPlatforms) = postSolution
		{1DB011D1-D53B-41FC-8F61-72BA43248019}.Debug|Any CPU.ActiveCfg = Debug|Any CPU
		{1DB011D1-D53B-41FC-8F61-72BA43248019}.Debug|Any CPU.Build.0 = Debug|Any CPU
		{1DB011D1-D53B-41FC-8F61-72BA43248019}.Release|Any CPU.ActiveCfg = Release|Any CPU
		{1DB011D1-D53B-41FC-8F61-72BA43248019}.Release|Any CPU.Build.0 = Release|Any CPU
	EndGlobalSection
	GlobalSection(SolutionProperties) = preSolution
		HideSolutionNode = FALSE
	EndGlobalSection
	GlobalSection(ExtensibilityGlobals) = postSolution
		SolutionGuid = {05A4E433-A736-4682-8D18-FEFA10E24F67}
	EndGlobalSection
EndGlobal
